// !$*UTF8*$!
{
	archiveVersion = 1;
	classes = {
	};
	objectVersion = 55;
	objects = {

/* Begin PBXBuildFile section */
		F40543E0277084260020DDC8 /* WhetherAppApp.swift in Sources */ = {isa = PBXBuildFile; fileRef = F40543DF277084260020DDC8 /* WhetherAppApp.swift */; };
		F40543E2277084260020DDC8 /* ContentView.swift in Sources */ = {isa = PBXBuildFile; fileRef = F40543E1277084260020DDC8 /* ContentView.swift */; };
		F40543E42770842B0020DDC8 /* Assets.xcassets in Resources */ = {isa = PBXBuildFile; fileRef = F40543E32770842B0020DDC8 /* Assets.xcassets */; };
		F40543E72770842B0020DDC8 /* Preview Assets.xcassets in Resources */ = {isa = PBXBuildFile; fileRef = F40543E62770842B0020DDC8 /* Preview Assets.xcassets */; };
		F40543EF2770855D0020DDC8 /* LocationManager.swift in Sources */ = {isa = PBXBuildFile; fileRef = F40543EE2770855D0020DDC8 /* LocationManager.swift */; };
		F40543F2277087850020DDC8 /* WelcomeView.swift in Sources */ = {isa = PBXBuildFile; fileRef = F40543F1277087850020DDC8 /* WelcomeView.swift */; };
		F40543F427708CB40020DDC8 /* LoadingView.swift in Sources */ = {isa = PBXBuildFile; fileRef = F40543F327708CB40020DDC8 /* LoadingView.swift */; };
		F40543F62770903E0020DDC8 /* WeatherManager.swift in Sources */ = {isa = PBXBuildFile; fileRef = F40543F52770903E0020DDC8 /* WeatherManager.swift */; };
		F40543F8277095AF0020DDC8 /* WeatherView.swift in Sources */ = {isa = PBXBuildFile; fileRef = F40543F7277095AF0020DDC8 /* WeatherView.swift */; };
		F40543FA2770963D0020DDC8 /* ModelData.swift in Sources */ = {isa = PBXBuildFile; fileRef = F40543F92770963D0020DDC8 /* ModelData.swift */; };
		F40543FC277098160020DDC8 /* WeatherData.json in Resources */ = {isa = PBXBuildFile; fileRef = F40543FB277098160020DDC8 /* WeatherData.json */; };
		F40543FE27709B9C0020DDC8 /* Extensions.swift in Sources */ = {isa = PBXBuildFile; fileRef = F40543FD27709B9C0020DDC8 /* Extensions.swift */; };
		F40544012770A8B00020DDC8 /* WeatherRow.swift in Sources */ = {isa = PBXBuildFile; fileRef = F40544002770A8B00020DDC8 /* WeatherRow.swift */; };
/* End PBXBuildFile section */

/* Begin PBXFileReference section */
		F40543DC277084260020DDC8 /* WhetherApp.app */ = {isa = PBXFileReference; explicitFileType = wrapper.application; includeInIndex = 0; path = WhetherApp.app; sourceTree = BUILT_PRODUCTS_DIR; };
		F40543DF277084260020DDC8 /* WhetherAppApp.swift */ = {isa = PBXFileReference; lastKnownFileType = sourcecode.swift; path = WhetherAppApp.swift; sourceTree = "<group>"; };
		F40543E1277084260020DDC8 /* ContentView.swift */ = {isa = PBXFileReference; lastKnownFileType = sourcecode.swift; path = ContentView.swift; sourceTree = "<group>"; };
		F40543E32770842B0020DDC8 /* Assets.xcassets */ = {isa = PBXFileReference; lastKnownFileType = folder.assetcatalog; path = Assets.xcassets; sourceTree = "<group>"; };
		F40543E62770842B0020DDC8 /* Preview Assets.xcassets */ = {isa = PBXFileReference; lastKnownFileType = folder.assetcatalog; path = "Preview Assets.xcassets"; sourceTree = "<group>"; };
		F40543EE2770855D0020DDC8 /* LocationManager.swift */ = {isa = PBXFileReference; lastKnownFileType = sourcecode.swift; path = LocationManager.swift; sourceTree = "<group>"; };
		F40543F1277087850020DDC8 /* WelcomeView.swift */ = {isa = PBXFileReference; lastKnownFileType = sourcecode.swift; path = WelcomeView.swift; sourceTree = "<group>"; };
		F40543F327708CB40020DDC8 /* LoadingView.swift */ = {isa = PBXFileReference; lastKnownFileType = sourcecode.swift; path = LoadingView.swift; sourceTree = "<group>"; };
		F40543F52770903E0020DDC8 /* WeatherManager.swift */ = {isa = PBXFileReference; lastKnownFileType = sourcecode.swift; path = WeatherManager.swift; sourceTree = "<group>"; };
		F40543F7277095AF0020DDC8 /* WeatherView.swift */ = {isa = PBXFileReference; lastKnownFileType = sourcecode.swift; path = WeatherView.swift; sourceTree = "<group>"; };
		F40543F92770963D0020DDC8 /* ModelData.swift */ = {isa = PBXFileReference; lastKnownFileType = sourcecode.swift; path = ModelData.swift; sourceTree = "<group>"; };
		F40543FB277098160020DDC8 /* WeatherData.json */ = {isa = PBXFileReference; lastKnownFileType = text.json; path = WeatherData.json; sourceTree = "<group>"; };
		F40543FD27709B9C0020DDC8 /* Extensions.swift */ = {isa = PBXFileReference; lastKnownFileType = sourcecode.swift; path = Extensions.swift; sourceTree = "<group>"; };
		F40544002770A8B00020DDC8 /* WeatherRow.swift */ = {isa = PBXFileReference; lastKnownFileType = sourcecode.swift; path = WeatherRow.swift; sourceTree = "<group>"; };
/* End PBXFileReference section */

/* Begin PBXFrameworksBuildPhase section */
		F40543D9277084260020DDC8 /* Frameworks */ = {
			isa = PBXFrameworksBuildPhase;
			buildActionMask = 2147483647;
			files = (
			);
			runOnlyForDeploymentPostprocessing = 0;
		};
/* End PBXFrameworksBuildPhase section */

/* Begin PBXGroup section */
		F40543D3277084250020DDC8 = {
			isa = PBXGroup;
			children = (
				F40543DE277084260020DDC8 /* WhetherApp */,
				F40543DD277084260020DDC8 /* Products */,
			);
			sourceTree = "<group>";
		};
		F40543DD277084260020DDC8 /* Products */ = {
			isa = PBXGroup;
			children = (
				F40543DC277084260020DDC8 /* WhetherApp.app */,
			);
			name = Products;
			sourceTree = "<group>";
		};
		F40543DE277084260020DDC8 /* WhetherApp */ = {
			isa = PBXGroup;
			children = (
				F40543FF2770A8700020DDC8 /* Components */,
				F40543DF277084260020DDC8 /* WhetherAppApp.swift */,
				F40543F0277086E90020DDC8 /* Views */,
				F40543ED277085410020DDC8 /* Managers */,
				F40543FD27709B9C0020DDC8 /* Extensions.swift */,
				F40543E32770842B0020DDC8 /* Assets.xcassets */,
				F40543E52770842B0020DDC8 /* Preview Content */,
			);
			path = WhetherApp;
			sourceTree = "<group>";
		};
		F40543E52770842B0020DDC8 /* Preview Content */ = {
			isa = PBXGroup;
			children = (
				F40543E62770842B0020DDC8 /* Preview Assets.xcassets */,
				F40543F92770963D0020DDC8 /* ModelData.swift */,
				F40543FB277098160020DDC8 /* WeatherData.json */,
			);
			path = "Preview Content";
			sourceTree = "<group>";
		};
		F40543ED277085410020DDC8 /* Managers */ = {
			isa = PBXGroup;
			children = (
				F40543EE2770855D0020DDC8 /* LocationManager.swift */,
				F40543F52770903E0020DDC8 /* WeatherManager.swift */,
			);
			path = Managers;
			sourceTree = "<group>";
		};
		F40543F0277086E90020DDC8 /* Views */ = {
			isa = PBXGroup;
			children = (
				F40543E1277084260020DDC8 /* ContentView.swift */,
				F40543F1277087850020DDC8 /* WelcomeView.swift */,
				F40543F327708CB40020DDC8 /* LoadingView.swift */,
				F40543F7277095AF0020DDC8 /* WeatherView.swift */,
			);
			path = Views;
			sourceTree = "<group>";
		};
		F40543FF2770A8700020DDC8 /* Components */ = {
			isa = PBXGroup;
			children = (
				F40544002770A8B00020DDC8 /* WeatherRow.swift */,
			);
			path = Components;
			sourceTree = "<group>";
		};
/* End PBXGroup section */

/* Begin PBXNativeTarget section */
		F40543DB277084260020DDC8 /* WhetherApp */ = {
			isa = PBXNativeTarget;
			buildConfigurationList = F40543EA2770842B0020DDC8 /* Build configuration list for PBXNativeTarget "WhetherApp" */;
			buildPhases = (
				F40543D8277084260020DDC8 /* Sources */,
				F40543D9277084260020DDC8 /* Frameworks */,
				F40543DA277084260020DDC8 /* Resources */,
			);
			buildRules = (
			);
			dependencies = (
			);
			name = WhetherApp;
			productName = WhetherApp;
			productReference = F40543DC277084260020DDC8 /* WhetherApp.app */;
			productType = "com.apple.product-type.application";
		};
/* End PBXNativeTarget section */

/* Begin PBXProject section */
		F40543D4277084250020DDC8 /* Project object */ = {
			isa = PBXProject;
			attributes = {
				BuildIndependentTargetsInParallel = 1;
				LastSwiftUpdateCheck = 1310;
				LastUpgradeCheck = 1310;
				TargetAttributes = {
					F40543DB277084260020DDC8 = {
						CreatedOnToolsVersion = 13.1;
					};
				};
			};
			buildConfigurationList = F40543D7277084250020DDC8 /* Build configuration list for PBXProject "WhetherApp" */;
			compatibilityVersion = "Xcode 13.0";
			developmentRegion = en;
			hasScannedForEncodings = 0;
			knownRegions = (
				en,
				Base,
			);
			mainGroup = F40543D3277084250020DDC8;
			productRefGroup = F40543DD277084260020DDC8 /* Products */;
			projectDirPath = "";
			projectRoot = "";
			targets = (
				F40543DB277084260020DDC8 /* WhetherApp */,
			);
		};
/* End PBXProject section */

/* Begin PBXResourcesBuildPhase section */
		F40543DA277084260020DDC8 /* Resources */ = {
			isa = PBXResourcesBuildPhase;
			buildActionMask = 2147483647;
			files = (
				F40543FC277098160020DDC8 /* WeatherData.json in Resources */,
				F40543E72770842B0020DDC8 /* Preview Assets.xcassets in Resources */,
				F40543E42770842B0020DDC8 /* Assets.xcassets in Resources */,
			);
			runOnlyForDeploymentPostprocessing = 0;
		};
/* End PBXResourcesBuildPhase section */

/* Begin PBXSourcesBuildPhase section */
		F40543D8277084260020DDC8 /* Sources */ = {
			isa = PBXSourcesBuildPhase;
			buildActionMask = 2147483647;
			files = (
				F40543F62770903E0020DDC8 /* WeatherManager.swift in Sources */,
				F40543FE27709B9C0020DDC8 /* Extensions.swift in Sources */,
				F40543E2277084260020DDC8 /* ContentView.swift in Sources */,
				F40543E0277084260020DDC8 /* WhetherAppApp.swift in Sources */,
				F40543EF2770855D0020DDC8 /* LocationManager.swift in Sources */,
				F40544012770A8B00020DDC8 /* WeatherRow.swift in Sources */,
				F40543F427708CB40020DDC8 /* LoadingView.swift in Sources */,
				F40543FA2770963D0020DDC8 /* ModelData.swift in Sources */,
				F40543F8277095AF0020DDC8 /* WeatherView.swift in Sources */,
				F40543F2277087850020DDC8 /* WelcomeView.swift in Sources */,
			);
			runOnlyForDeploymentPostprocessing = 0;
		};
/* End PBXSourcesBuildPhase section */

/* Begin XCBuildConfiguration section */
		F40543E82770842B0020DDC8 /* Debug */ = {
			isa = XCBuildConfiguration;
			buildSettings = {
				ALWAYS_SEARCH_USER_PATHS = NO;
				CLANG_ANALYZER_NONNULL = YES;
				CLANG_ANALYZER_NUMBER_OBJECT_CONVERSION = YES_AGGRESSIVE;
				CLANG_CXX_LANGUAGE_STANDARD = "gnu++17";
				CLANG_CXX_LIBRARY = "libc++";
				CLANG_ENABLE_MODULES = YES;
				CLANG_ENABLE_OBJC_ARC = YES;
				CLANG_ENABLE_OBJC_WEAK = YES;
				CLANG_WARN_BLOCK_CAPTURE_AUTORELEASING = YES;
				CLANG_WARN_BOOL_CONVERSION = YES;
				CLANG_WARN_COMMA = YES;
				CLANG_WARN_CONSTANT_CONVERSION = YES;
				CLANG_WARN_DEPRECATED_OBJC_IMPLEMENTATIONS = YES;
				CLANG_WARN_DIRECT_OBJC_ISA_USAGE = YES_ERROR;
				CLANG_WARN_DOCUMENTATION_COMMENTS = YES;
				CLANG_WARN_EMPTY_BODY = YES;
				CLANG_WARN_ENUM_CONVERSION = YES;
				CLANG_WARN_INFINITE_RECURSION = YES;
				CLANG_WARN_INT_CONVERSION = YES;
				CLANG_WARN_NON_LITERAL_NULL_CONVERSION = YES;
				CLANG_WARN_OBJC_IMPLICIT_RETAIN_SELF = YES;
				CLANG_WARN_OBJC_LITERAL_CONVERSION = YES;
				CLANG_WARN_OBJC_ROOT_CLASS = YES_ERROR;
				CLANG_WARN_QUOTED_INCLUDE_IN_FRAMEWORK_HEADER = YES;
				CLANG_WARN_RANGE_LOOP_ANALYSIS = YES;
				CLANG_WARN_STRICT_PROTOTYPES = YES;
				CLANG_WARN_SUSPICIOUS_MOVE = YES;
				CLANG_WARN_UNGUARDED_AVAILABILITY = YES_AGGRESSIVE;
				CLANG_WARN_UNREACHABLE_CODE = YES;
				CLANG_WARN__DUPLICATE_METHOD_MATCH = YES;
				COPY_PHASE_STRIP = NO;
				DEBUG_INFORMATION_FORMAT = dwarf;
				ENABLE_STRICT_OBJC_MSGSEND = YES;
				ENABLE_TESTABILITY = YES;
				GCC_C_LANGUAGE_STANDARD = gnu11;
				GCC_DYNAMIC_NO_PIC = NO;
				GCC_NO_COMMON_BLOCKS = YES;
				GCC_OPTIMIZATION_LEVEL = 0;
				GCC_PREPROCESSOR_DEFINITIONS = (
					"DEBUG=1",
					"$(inherited)",
				);
				GCC_WARN_64_TO_32_BIT_CONVERSION = YES;
				GCC_WARN_ABOUT_RETURN_TYPE = YES_ERROR;
				GCC_WARN_UNDECLARED_SELECTOR = YES;
				GCC_WARN_UNINITIALIZED_AUTOS = YES_AGGRESSIVE;
				GCC_WARN_UNUSED_FUNCTION = YES;
				GCC_WARN_UNUSED_VARIABLE = YES;
				IPHONEOS_DEPLOYMENT_TARGET = 15.0;
				MTL_ENABLE_DEBUG_INFO = INCLUDE_SOURCE;
				MTL_FAST_MATH = YES;
				ONLY_ACTIVE_ARCH = YES;
				SDKROOT = iphoneos;
				SWIFT_ACTIVE_COMPILATION_CONDITIONS = DEBUG;
				SWIFT_OPTIMIZATION_LEVEL = "-Onone";
			};
			name = Debug;
		};
		F40543E92770842B0020DDC8 /* Release */ = {
			isa = XCBuildConfiguration;
			buildSettings = {
				ALWAYS_SEARCH_USER_PATHS = NO;
				CLANG_ANALYZER_NONNULL = YES;
				CLANG_ANALYZER_NUMBER_OBJECT_CONVERSION = YES_AGGRESSIVE;
				CLANG_CXX_LANGUAGE_STANDARD = "gnu++17";
				CLANG_CXX_LIBRARY = "libc++";
				CLANG_ENABLE_MODULES = YES;
				CLANG_ENABLE_OBJC_ARC = YES;
				CLANG_ENABLE_OBJC_WEAK = YES;
				CLANG_WARN_BLOCK_CAPTURE_AUTORELEASING = YES;
				CLANG_WARN_BOOL_CONVERSION = YES;
				CLANG_WARN_COMMA = YES;
				CLANG_WARN_CONSTANT_CONVERSION = YES;
				CLANG_WARN_DEPRECATED_OBJC_IMPLEMENTATIONS = YES;
				CLANG_WARN_DIRECT_OBJC_ISA_USAGE = YES_ERROR;
				CLANG_WARN_DOCUMENTATION_COMMENTS = YES;
				CLANG_WARN_EMPTY_BODY = YES;
				CLANG_WARN_ENUM_CONVERSION = YES;
				CLANG_WARN_INFINITE_RECURSION = YES;
				CLANG_WARN_INT_CONVERSION = YES;
				CLANG_WARN_NON_LITERAL_NULL_CONVERSION = YES;
				CLANG_WARN_OBJC_IMPLICIT_RETAIN_SELF = YES;
				CLANG_WARN_OBJC_LITERAL_CONVERSION = YES;
				CLANG_WARN_OBJC_ROOT_CLASS = YES_ERROR;
				CLANG_WARN_QUOTED_INCLUDE_IN_FRAMEWORK_HEADER = YES;
				CLANG_WARN_RANGE_LOOP_ANALYSIS = YES;
				CLANG_WARN_STRICT_PROTOTYPES = YES;
				CLANG_WARN_SUSPICIOUS_MOVE = YES;
				CLANG_WARN_UNGUARDED_AVAILABILITY = YES_AGGRESSIVE;
				CLANG_WARN_UNREACHABLE_CODE = YES;
				CLANG_WARN__DUPLICATE_METHOD_MATCH = YES;
				COPY_PHASE_STRIP = NO;
				DEBUG_INFORMATION_FORMAT = "dwarf-with-dsym";
				ENABLE_NS_ASSERTIONS = NO;
				ENABLE_STRICT_OBJC_MSGSEND = YES;
				GCC_C_LANGUAGE_STANDARD = gnu11;
				GCC_NO_COMMON_BLOCKS = YES;
				GCC_WARN_64_TO_32_BIT_CONVERSION = YES;
				GCC_WARN_ABOUT_RETURN_TYPE = YES_ERROR;
				GCC_WARN_UNDECLARED_SELECTOR = YES;
				GCC_WARN_UNINITIALIZED_AUTOS = YES_AGGRESSIVE;
				GCC_WARN_UNUSED_FUNCTION = YES;
				GCC_WARN_UNUSED_VARIABLE = YES;
				IPHONEOS_DEPLOYMENT_TARGET = 15.0;
				MTL_ENABLE_DEBUG_INFO = NO;
				MTL_FAST_MATH = YES;
				SDKROOT = iphoneos;
				SWIFT_COMPILATION_MODE = wholemodule;
				SWIFT_OPTIMIZATION_LEVEL = "-O";
				VALIDATE_PRODUCT = YES;
			};
			name = Release;
		};
		F40543EB2770842B0020DDC8 /* Debug */ = {
			isa = XCBuildConfiguration;
			buildSettings = {
				ASSETCATALOG_COMPILER_APPICON_NAME = AppIcon;
				ASSETCATALOG_COMPILER_GLOBAL_ACCENT_COLOR_NAME = AccentColor;
				CODE_SIGN_STYLE = Automatic;
				CURRENT_PROJECT_VERSION = 1;
				DEVELOPMENT_ASSET_PATHS = "\"WhetherApp/Preview Content\"";
				DEVELOPMENT_TEAM = 6RKV2Z3GTT;
				ENABLE_PREVIEWS = YES;
				GENERATE_INFOPLIST_FILE = YES;
				INFOPLIST_KEY_UIApplicationSceneManifest_Generation = YES;
				INFOPLIST_KEY_UIApplicationSupportsIndirectInputEvents = YES;
				INFOPLIST_KEY_UILaunchScreen_Generation = YES;
				INFOPLIST_KEY_UISupportedInterfaceOrientations_iPad = "UIInterfaceOrientationPortrait UIInterfaceOrientationPortraitUpsideDown UIInterfaceOrientationLandscapeLeft UIInterfaceOrientationLandscapeRight";
				INFOPLIST_KEY_UISupportedInterfaceOrientations_iPhone = "UIInterfaceOrientationPortrait UIInterfaceOrientationLandscapeLeft UIInterfaceOrientationLandscapeRight";
				LD_RUNPATH_SEARCH_PATHS = (
					"$(inherited)",
					"@executable_path/Frameworks",
				);
				MARKETING_VERSION = 1.0;
				PRODUCT_BUNDLE_IDENTIFIER = com.monzer.WhetherApp;
				PRODUCT_NAME = "$(TARGET_NAME)";
				SWIFT_EMIT_LOC_STRINGS = YES;
				SWIFT_VERSION = 5.0;
				TARGETED_DEVICE_FAMILY = "1,2";
			};
			name = Debug;
		};
		F40543EC2770842B0020DDC8 /* Release */ = {
			isa = XCBuildConfiguration;
			buildSettings = {
				ASSETCATALOG_COMPILER_APPICON_NAME = AppIcon;
				ASSETCATALOG_COMPILER_GLOBAL_ACCENT_COLOR_NAME = AccentColor;
				CODE_SIGN_STYLE = Automatic;
				CURRENT_PROJECT_VERSION = 1;
				DEVELOPMENT_ASSET_PATHS = "\"WhetherApp/Preview Content\"";
				DEVELOPMENT_TEAM = 6RKV2Z3GTT;
				ENABLE_PREVIEWS = YES;
				GENERATE_INFOPLIST_FILE = YES;
				INFOPLIST_KEY_UIApplicationSceneManifest_Generation = YES;
				INFOPLIST_KEY_UIApplicationSupportsIndirectInputEvents = YES;
				INFOPLIST_KEY_UILaunchScreen_Generation = YES;
				INFOPLIST_KEY_UISupportedInterfaceOrientations_iPad = "UIInterfaceOrientationPortrait UIInterfaceOrientationPortraitUpsideDown UIInterfaceOrientationLandscapeLeft UIInterfaceOrientationLandscapeRight";
				INFOPLIST_KEY_UISupportedInterfaceOrientations_iPhone = "UIInterfaceOrientationPortrait UIInterfaceOrientationLandscapeLeft UIInterfaceOrientationLandscapeRight";
				LD_RUNPATH_SEARCH_PATHS = (
					"$(inherited)",
					"@executable_path/Frameworks",
				);
				MARKETING_VERSION = 1.0;
				PRODUCT_BUNDLE_IDENTIFIER = com.monzer.WhetherApp;
				PRODUCT_NAME = "$(TARGET_NAME)";
				SWIFT_EMIT_LOC_STRINGS = YES;
				SWIFT_VERSION = 5.0;
				TARGETED_DEVICE_FAMILY = "1,2";
			};
			name = Release;
		};
/* End XCBuildConfiguration section */

/* Begin XCConfigurationList section */
		F40543D7277084250020DDC8 /* Build configuration list for PBXProject "WhetherApp" */ = {
			isa = XCConfigurationList;
			buildConfigurations = (
				F40543E82770842B0020DDC8 /* Debug */,
				F40543E92770842B0020DDC8 /* Release */,
			);
			defaultConfigurationIsVisible = 0;
			defaultConfigurationName = Release;
		};
		F40543EA2770842B0020DDC8 /* Build configuration list for PBXNativeTarget "WhetherApp" */ = {
			isa = XCConfigurationList;
			buildConfigurations = (
				F40543EB2770842B0020DDC8 /* Debug */,
				F40543EC2770842B0020DDC8 /* Release */,
			);
			defaultConfigurationIsVisible = 0;
			defaultConfigurationName = Release;
		};
/* End XCConfigurationList section */
	};
	rootObject = F40543D4277084250020DDC8 /* Project object */;
}
